
Microsoft Visual Studio Solution File, Format Version 12.00
# Visual Studio 15
VisualStudioVersion = 15.0.28307.136
MinimumVisualStudioVersion = 10.0.40219.1
Project("{FAE04EC0-301F-11D3-BF4B-00C04F79EFBC}") = "MessageLibrary", "MessageLibrary\MessageLibrary.csproj", "{06248B6A-AE2A-4364-846B-7DA02C69CEFB}"
EndProject
Project("{FAE04EC0-301F-11D3-BF4B-00C04F79EFBC}") = "MyConsole", "MyConsole\MyConsole.csproj", "{6AD1C64C-D180-41F4-80C0-56EFCEEECDDA}"
EndProject
Global
	GlobalSection(SolutionConfigurationPlatforms) = preSolution
		Debug|Any CPU = Debug|Any CPU
		Release|Any CPU = Release|Any CPU
	EndGlobalSection
	GlobalSection(ProjectConfigurationPlatforms) = postSolution
		{06248B6A-AE2A-4364-846B-7DA02C69CEFB}.Debug|Any CPU.ActiveCfg = Debug|Any CPU
		{06248B6A-AE2A-4364-846B-7DA02C69CEFB}.Debug|Any CPU.Build.0 = Debug|Any CPU
		{06248B6A-AE2A-4364-846B-7DA02C69CEFB}.Release|Any CPU.ActiveCfg = Release|Any CPU
		{06248B6A-AE2A-4364-846B-7DA02C69CEFB}.Release|Any CPU.Build.0 = Release|Any CPU
		{6AD1C64C-D180-41F4-80C0-56EFCEEECDDA}.Debug|Any CPU.ActiveCfg = Debug|Any CPU
		{6AD1C64C-D180-41F4-80C0-56EFCEEECDDA}.Debug|Any CPU.Build.0 = Debug|Any CPU
		{6AD1C64C-D180-41F4-80C0-56EFCEEECDDA}.Release|Any CPU.ActiveCfg = Release|Any CPU
		{6AD1C64C-D180-41F4-80C0-56EFCEEECDDA}.Release|Any CPU.Build.0 = Release|Any CPU
	EndGlobalSection
	GlobalSection(SolutionProperties) = preSolution
		HideSolutionNode = FALSE
	EndGlobalSection
	GlobalSection(ExtensibilityGlobals) = postSolution
		SolutionGuid = {028C6B74-E3A0-429A-A37A-C3462D9254C4}
	EndGlobalSection
EndGlobal
